
Microsoft Visual Studio Solution File, Format Version 12.00
# Visual Studio Version 16
VisualStudioVersion = 16.0.31025.194
MinimumVisualStudioVersion = 10.0.40219.1
Project("{9A19103F-16F7-4668-BE54-9A1E7A4F7556}") = "VkApiBot", "VkApiBot\VkApiBot.csproj", "{13F69C91-14EC-485F-8D8C-7154145CB180}"
EndProject
Project("{9A19103F-16F7-4668-BE54-9A1E7A4F7556}") = "ConsoleApp1", "ConsoleApp1\ConsoleApp1.csproj", "{FD86EBED-4089-49CE-8397-CDF67104795C}"
EndProject
Project("{FAE04EC0-301F-11D3-BF4B-00C04F79EFBC}") = "ScheduleController", "ScheduleController\ScheduleController.csproj", "{DA532B92-FCE3-435F-8F80-4051E1A9A92C}"
EndProject
Global
	GlobalSection(SolutionConfigurationPlatforms) = preSolution
		Debug|Any CPU = Debug|Any CPU
		Release|Any CPU = Release|Any CPU
	EndGlobalSection
	GlobalSection(ProjectConfigurationPlatforms) = postSolution
		{13F69C91-14EC-485F-8D8C-7154145CB180}.Debug|Any CPU.ActiveCfg = Debug|Any CPU
		{13F69C91-14EC-485F-8D8C-7154145CB180}.Debug|Any CPU.Build.0 = Debug|Any CPU
		{13F69C91-14EC-485F-8D8C-7154145CB180}.Release|Any CPU.ActiveCfg = Release|Any CPU
		{13F69C91-14EC-485F-8D8C-7154145CB180}.Release|Any CPU.Build.0 = Release|Any CPU
		{FD86EBED-4089-49CE-8397-CDF67104795C}.Debug|Any CPU.ActiveCfg = Debug|Any CPU
		{FD86EBED-4089-49CE-8397-CDF67104795C}.Debug|Any CPU.Build.0 = Debug|Any CPU
		{FD86EBED-4089-49CE-8397-CDF67104795C}.Release|Any CPU.ActiveCfg = Release|Any CPU
		{FD86EBED-4089-49CE-8397-CDF67104795C}.Release|Any CPU.Build.0 = Release|Any CPU
		{DA532B92-FCE3-435F-8F80-4051E1A9A92C}.Debug|Any CPU.ActiveCfg = Debug|Any CPU
		{DA532B92-FCE3-435F-8F80-4051E1A9A92C}.Debug|Any CPU.Build.0 = Debug|Any CPU
		{DA532B92-FCE3-435F-8F80-4051E1A9A92C}.Release|Any CPU.ActiveCfg = Release|Any CPU
		{DA532B92-FCE3-435F-8F80-4051E1A9A92C}.Release|Any CPU.Build.0 = Release|Any CPU
	EndGlobalSection
	GlobalSection(SolutionProperties) = preSolution
		HideSolutionNode = FALSE
	EndGlobalSection
	GlobalSection(ExtensibilityGlobals) = postSolution
		SolutionGuid = {4545BAA1-95E3-4F31-850D-DD590E8E5D69}
	EndGlobalSection
EndGlobal
